
Microsoft Visual Studio Solution File, Format Version 12.00
# Visual Studio Version 17
VisualStudioVersion = 17.9.34622.214
MinimumVisualStudioVersion = 10.0.40219.1
Project("{FAE04EC0-301F-11D3-BF4B-00C04F79EFBC}") = "PROGBICEOne", "PROGBICEOne.csproj", "{407AE57C-D5EE-49E1-92A4-32DC0ACD3C64}"
EndProject
Global
	GlobalSection(SolutionConfigurationPlatforms) = preSolution
		Debug|Any CPU = Debug|Any CPU
		Release|Any CPU = Release|Any CPU
	EndGlobalSection
	GlobalSection(ProjectConfigurationPlatforms) = postSolution
		{407AE57C-D5EE-49E1-92A4-32DC0ACD3C64}.Debug|Any CPU.ActiveCfg = Debug|Any CPU
		{407AE57C-D5EE-49E1-92A4-32DC0ACD3C64}.Debug|Any CPU.Build.0 = Debug|Any CPU
		{407AE57C-D5EE-49E1-92A4-32DC0ACD3C64}.Release|Any CPU.ActiveCfg = Release|Any CPU
		{407AE57C-D5EE-49E1-92A4-32DC0ACD3C64}.Release|Any CPU.Build.0 = Release|Any CPU
	EndGlobalSection
	GlobalSection(SolutionProperties) = preSolution
		HideSolutionNode = FALSE
	EndGlobalSection
	GlobalSection(ExtensibilityGlobals) = postSolution
		SolutionGuid = {2335C848-855A-4866-82D4-9806A7890288}
	EndGlobalSection
EndGlobal
